// !$*UTF8*$!
{
	archiveVersion = 1;
	classes = {
	};
	objectVersion = 77;
	objects = {

/* Begin PBXContainerItemProxy section */
		D32B98382E34E61C00D93D2D /* PBXContainerItemProxy */ = {
			isa = PBXContainerItemProxy;
			containerPortal = D32B98222E34E61B00D93D2D /* Project object */;
			proxyType = 1;
			remoteGlobalIDString = D32B98292E34E61B00D93D2D;
			remoteInfo = GarminDisconnectNotify;
		};
		D32B98422E34E61C00D93D2D /* PBXContainerItemProxy */ = {
			isa = PBXContainerItemProxy;
			containerPortal = D32B98222E34E61B00D93D2D /* Project object */;
			proxyType = 1;
			remoteGlobalIDString = D32B98292E34E61B00D93D2D;
			remoteInfo = GarminDisconnectNotify;
		};
/* End PBXContainerItemProxy section */

/* Begin PBXFileReference section */
		D32B982A2E34E61B00D93D2D /* GarminDisconnectNotify.app */ = {isa = PBXFileReference; explicitFileType = wrapper.application; includeInIndex = 0; path = GarminDisconnectNotify.app; sourceTree = BUILT_PRODUCTS_DIR; };
		D32B98372E34E61C00D93D2D /* GarminDisconnectNotifyTests.xctest */ = {isa = PBXFileReference; explicitFileType = wrapper.cfbundle; includeInIndex = 0; path = GarminDisconnectNotifyTests.xctest; sourceTree = BUILT_PRODUCTS_DIR; };
		D32B98412E34E61C00D93D2D /* GarminDisconnectNotifyUITests.xctest */ = {isa = PBXFileReference; explicitFileType = wrapper.cfbundle; includeInIndex = 0; path = GarminDisconnectNotifyUITests.xctest; sourceTree = BUILT_PRODUCTS_DIR; };
/* End PBXFileReference section */

/* Begin PBXFileSystemSynchronizedRootGroup section */
		D32B982C2E34E61B00D93D2D /* GarminDisconnectNotify */ = {
			isa = PBXFileSystemSynchronizedRootGroup;
			path = GarminDisconnectNotify;
			sourceTree = "<group>";
		};
		D32B983A2E34E61C00D93D2D /* GarminDisconnectNotifyTests */ = {
			isa = PBXFileSystemSynchronizedRootGroup;
			path = GarminDisconnectNotifyTests;
			sourceTree = "<group>";
		};
		D32B98442E34E61C00D93D2D /* GarminDisconnectNotifyUITests */ = {
			isa = PBXFileSystemSynchronizedRootGroup;
			path = GarminDisconnectNotifyUITests;
			sourceTree = "<group>";
		};
/* End PBXFileSystemSynchronizedRootGroup section */

/* Begin PBXFrameworksBuildPhase section */
		D32B98272E34E61B00D93D2D /* Frameworks */ = {
			isa = PBXFrameworksBuildPhase;
			buildActionMask = 2147483647;
			files = (
			);
			runOnlyForDeploymentPostprocessing = 0;
		};
		D32B98342E34E61C00D93D2D /* Frameworks */ = {
			isa = PBXFrameworksBuildPhase;
			buildActionMask = 2147483647;
			files = (
			);
			runOnlyForDeploymentPostprocessing = 0;
		};
		D32B983E2E34E61C00D93D2D /* Frameworks */ = {
			isa = PBXFrameworksBuildPhase;
			buildActionMask = 2147483647;
			files = (
			);
			runOnlyForDeploymentPostprocessing = 0;
		};
/* End PBXFrameworksBuildPhase section */

/* Begin PBXGroup section */
		D32B98212E34E61B00D93D2D = {
			isa = PBXGroup;
			children = (
				D32B982C2E34E61B00D93D2D /* GarminDisconnectNotify */,
				D32B983A2E34E61C00D93D2D /* GarminDisconnectNotifyTests */,
				D32B98442E34E61C00D93D2D /* GarminDisconnectNotifyUITests */,
				D32B982B2E34E61B00D93D2D /* Products */,
			);
			sourceTree = "<group>";
		};
		D32B982B2E34E61B00D93D2D /* Products */ = {
			isa = PBXGroup;
			children = (
				D32B982A2E34E61B00D93D2D /* GarminDisconnectNotify.app */,
				D32B98372E34E61C00D93D2D /* GarminDisconnectNotifyTests.xctest */,
				D32B98412E34E61C00D93D2D /* GarminDisconnectNotifyUITests.xctest */,
			);
			name = Products;
			sourceTree = "<group>";
		};
/* End PBXGroup section */

/* Begin PBXNativeTarget section */
		D32B98292E34E61B00D93D2D /* GarminDisconnectNotify */ = {
			isa = PBXNativeTarget;
			buildConfigurationList = D32B984B2E34E61C00D93D2D /* Build configuration list for PBXNativeTarget "GarminDisconnectNotify" */;
			buildPhases = (
				D32B98262E34E61B00D93D2D /* Sources */,
				D32B98272E34E61B00D93D2D /* Frameworks */,
				D32B98282E34E61B00D93D2D /* Resources */,
			);
			buildRules = (
			);
			dependencies = (
			);
			fileSystemSynchronizedGroups = (
				D32B982C2E34E61B00D93D2D /* GarminDisconnectNotify */,
			);
			name = GarminDisconnectNotify;
			packageProductDependencies = (
			);
			productName = GarminDisconnectNotify;
			productReference = D32B982A2E34E61B00D93D2D /* GarminDisconnectNotify.app */;
			productType = "com.apple.product-type.application";
		};
		D32B98362E34E61C00D93D2D /* GarminDisconnectNotifyTests */ = {
			isa = PBXNativeTarget;
			buildConfigurationList = D32B984E2E34E61C00D93D2D /* Build configuration list for PBXNativeTarget "GarminDisconnectNotifyTests" */;
			buildPhases = (
				D32B98332E34E61C00D93D2D /* Sources */,
				D32B98342E34E61C00D93D2D /* Frameworks */,
				D32B98352E34E61C00D93D2D /* Resources */,
			);
			buildRules = (
			);
			dependencies = (
				D32B98392E34E61C00D93D2D /* PBXTargetDependency */,
			);
			fileSystemSynchronizedGroups = (
				D32B983A2E34E61C00D93D2D /* GarminDisconnectNotifyTests */,
			);
			name = GarminDisconnectNotifyTests;
			packageProductDependencies = (
			);
			productName = GarminDisconnectNotifyTests;
			productReference = D32B98372E34E61C00D93D2D /* GarminDisconnectNotifyTests.xctest */;
			productType = "com.apple.product-type.bundle.unit-test";
		};
		D32B98402E34E61C00D93D2D /* GarminDisconnectNotifyUITests */ = {
			isa = PBXNativeTarget;
			buildConfigurationList = D32B98512E34E61C00D93D2D /* Build configuration list for PBXNativeTarget "GarminDisconnectNotifyUITests" */;
			buildPhases = (
				D32B983D2E34E61C00D93D2D /* Sources */,
				D32B983E2E34E61C00D93D2D /* Frameworks */,
				D32B983F2E34E61C00D93D2D /* Resources */,
			);
			buildRules = (
			);
			dependencies = (
				D32B98432E34E61C00D93D2D /* PBXTargetDependency */,
			);
			fileSystemSynchronizedGroups = (
				D32B98442E34E61C00D93D2D /* GarminDisconnectNotifyUITests */,
			);
			name = GarminDisconnectNotifyUITests;
			packageProductDependencies = (
			);
			productName = GarminDisconnectNotifyUITests;
			productReference = D32B98412E34E61C00D93D2D /* GarminDisconnectNotifyUITests.xctest */;
			productType = "com.apple.product-type.bundle.ui-testing";
		};
/* End PBXNativeTarget section */

/* Begin PBXProject section */
		D32B98222E34E61B00D93D2D /* Project object */ = {
			isa = PBXProject;
			attributes = {
				BuildIndependentTargetsInParallel = 1;
				LastSwiftUpdateCheck = 1630;
				LastUpgradeCheck = 1630;
				TargetAttributes = {
					D32B98292E34E61B00D93D2D = {
						CreatedOnToolsVersion = 16.3;
					};
					D32B98362E34E61C00D93D2D = {
						CreatedOnToolsVersion = 16.3;
						TestTargetID = D32B98292E34E61B00D93D2D;
					};
					D32B98402E34E61C00D93D2D = {
						CreatedOnToolsVersion = 16.3;
						TestTargetID = D32B98292E34E61B00D93D2D;
					};
				};
			};
			buildConfigurationList = D32B98252E34E61B00D93D2D /* Build configuration list for PBXProject "GarminDisconnectNotify" */;
			developmentRegion = en;
			hasScannedForEncodings = 0;
			knownRegions = (
				en,
				Base,
			);
			mainGroup = D32B98212E34E61B00D93D2D;
			minimizedProjectReferenceProxies = 1;
			preferredProjectObjectVersion = 77;
			productRefGroup = D32B982B2E34E61B00D93D2D /* Products */;
			projectDirPath = "";
			projectRoot = "";
			targets = (
				D32B98292E34E61B00D93D2D /* GarminDisconnectNotify */,
				D32B98362E34E61C00D93D2D /* GarminDisconnectNotifyTests */,
				D32B98402E34E61C00D93D2D /* GarminDisconnectNotifyUITests */,
			);
		};
/* End PBXProject section */

/* Begin PBXResourcesBuildPhase section */
		D32B98282E34E61B00D93D2D /* Resources */ = {
			isa = PBXResourcesBuildPhase;
			buildActionMask = 2147483647;
			files = (
			);
			runOnlyForDeploymentPostprocessing = 0;
		};
		D32B98352E34E61C00D93D2D /* Resources */ = {
			isa = PBXResourcesBuildPhase;
			buildActionMask = 2147483647;
			files = (
			);
			runOnlyForDeploymentPostprocessing = 0;
		};
		D32B983F2E34E61C00D93D2D /* Resources */ = {
			isa = PBXResourcesBuildPhase;
			buildActionMask = 2147483647;
			files = (
			);
			runOnlyForDeploymentPostprocessing = 0;
		};
/* End PBXResourcesBuildPhase section */

/* Begin PBXSourcesBuildPhase section */
		D32B98262E34E61B00D93D2D /* Sources */ = {
			isa = PBXSourcesBuildPhase;
			buildActionMask = 2147483647;
			files = (
			);
			runOnlyForDeploymentPostprocessing = 0;
		};
		D32B98332E34E61C00D93D2D /* Sources */ = {
			isa = PBXSourcesBuildPhase;
			buildActionMask = 2147483647;
			files = (
			);
			runOnlyForDeploymentPostprocessing = 0;
		};
		D32B983D2E34E61C00D93D2D /* Sources */ = {
			isa = PBXSourcesBuildPhase;
			buildActionMask = 2147483647;
			files = (
			);
			runOnlyForDeploymentPostprocessing = 0;
		};
/* End PBXSourcesBuildPhase section */

/* Begin PBXTargetDependency section */
		D32B98392E34E61C00D93D2D /* PBXTargetDependency */ = {
			isa = PBXTargetDependency;
			target = D32B98292E34E61B00D93D2D /* GarminDisconnectNotify */;
			targetProxy = D32B98382E34E61C00D93D2D /* PBXContainerItemProxy */;
		};
		D32B98432E34E61C00D93D2D /* PBXTargetDependency */ = {
			isa = PBXTargetDependency;
			target = D32B98292E34E61B00D93D2D /* GarminDisconnectNotify */;
			targetProxy = D32B98422E34E61C00D93D2D /* PBXContainerItemProxy */;
		};
/* End PBXTargetDependency section */

/* Begin XCBuildConfiguration section */
		D32B98492E34E61C00D93D2D /* Debug */ = {
			isa = XCBuildConfiguration;
			buildSettings = {
				ALWAYS_SEARCH_USER_PATHS = NO;
				ASSETCATALOG_COMPILER_GENERATE_SWIFT_ASSET_SYMBOL_EXTENSIONS = YES;
				CLANG_ANALYZER_NONNULL = YES;
				CLANG_ANALYZER_NUMBER_OBJECT_CONVERSION = YES_AGGRESSIVE;
				CLANG_CXX_LANGUAGE_STANDARD = "gnu++20";
				CLANG_ENABLE_MODULES = YES;
				CLANG_ENABLE_OBJC_ARC = YES;
				CLANG_ENABLE_OBJC_WEAK = YES;
				CLANG_WARN_BLOCK_CAPTURE_AUTORELEASING = YES;
				CLANG_WARN_BOOL_CONVERSION = YES;
				CLANG_WARN_COMMA = YES;
				CLANG_WARN_CONSTANT_CONVERSION = YES;
				CLANG_WARN_DEPRECATED_OBJC_IMPLEMENTATIONS = YES;
				CLANG_WARN_DIRECT_OBJC_ISA_USAGE = YES_ERROR;
				CLANG_WARN_DOCUMENTATION_COMMENTS = YES;
				CLANG_WARN_EMPTY_BODY = YES;
				CLANG_WARN_ENUM_CONVERSION = YES;
				CLANG_WARN_INFINITE_RECURSION = YES;
				CLANG_WARN_INT_CONVERSION = YES;
				CLANG_WARN_NON_LITERAL_NULL_CONVERSION = YES;
				CLANG_WARN_OBJC_IMPLICIT_RETAIN_SELF = YES;
				CLANG_WARN_OBJC_LITERAL_CONVERSION = YES;
				CLANG_WARN_OBJC_ROOT_CLASS = YES_ERROR;
				CLANG_WARN_QUOTED_INCLUDE_IN_FRAMEWORK_HEADER = YES;
				CLANG_WARN_RANGE_LOOP_ANALYSIS = YES;
				CLANG_WARN_STRICT_PROTOTYPES = YES;
				CLANG_WARN_SUSPICIOUS_MOVE = YES;
				CLANG_WARN_UNGUARDED_AVAILABILITY = YES_AGGRESSIVE;
				CLANG_WARN_UNREACHABLE_CODE = YES;
				CLANG_WARN__DUPLICATE_METHOD_MATCH = YES;
				COPY_PHASE_STRIP = NO;
				DEBUG_INFORMATION_FORMAT = dwarf;
				DEVELOPMENT_TEAM = NS3M66VP2N;
				ENABLE_STRICT_OBJC_MSGSEND = YES;
				ENABLE_TESTABILITY = YES;
				ENABLE_USER_SCRIPT_SANDBOXING = YES;
				GCC_C_LANGUAGE_STANDARD = gnu17;
				GCC_DYNAMIC_NO_PIC = NO;
				GCC_NO_COMMON_BLOCKS = YES;
				GCC_OPTIMIZATION_LEVEL = 0;
				GCC_PREPROCESSOR_DEFINITIONS = (
					"DEBUG=1",
					"$(inherited)",
				);
				GCC_WARN_64_TO_32_BIT_CONVERSION = YES;
				GCC_WARN_ABOUT_RETURN_TYPE = YES_ERROR;
				GCC_WARN_UNDECLARED_SELECTOR = YES;
				GCC_WARN_UNINITIALIZED_AUTOS = YES_AGGRESSIVE;
				GCC_WARN_UNUSED_FUNCTION = YES;
				GCC_WARN_UNUSED_VARIABLE = YES;
				IPHONEOS_DEPLOYMENT_TARGET = 18.4;
				LOCALIZATION_PREFERS_STRING_CATALOGS = YES;
				MTL_ENABLE_DEBUG_INFO = INCLUDE_SOURCE;
				MTL_FAST_MATH = YES;
				ONLY_ACTIVE_ARCH = YES;
				SDKROOT = iphoneos;
				SWIFT_ACTIVE_COMPILATION_CONDITIONS = "DEBUG $(inherited)";
				SWIFT_OPTIMIZATION_LEVEL = "-Onone";
			};
			name = Debug;
		};
		D32B984A2E34E61C00D93D2D /* Release */ = {
			isa = XCBuildConfiguration;
			buildSettings = {
				ALWAYS_SEARCH_USER_PATHS = NO;
				ASSETCATALOG_COMPILER_GENERATE_SWIFT_ASSET_SYMBOL_EXTENSIONS = YES;
				CLANG_ANALYZER_NONNULL = YES;
				CLANG_ANALYZER_NUMBER_OBJECT_CONVERSION = YES_AGGRESSIVE;
				CLANG_CXX_LANGUAGE_STANDARD = "gnu++20";
				CLANG_ENABLE_MODULES = YES;
				CLANG_ENABLE_OBJC_ARC = YES;
				CLANG_ENABLE_OBJC_WEAK = YES;
				CLANG_WARN_BLOCK_CAPTURE_AUTORELEASING = YES;
				CLANG_WARN_BOOL_CONVERSION = YES;
				CLANG_WARN_COMMA = YES;
				CLANG_WARN_CONSTANT_CONVERSION = YES;
				CLANG_WARN_DEPRECATED_OBJC_IMPLEMENTATIONS = YES;
				CLANG_WARN_DIRECT_OBJC_ISA_USAGE = YES_ERROR;
				CLANG_WARN_DOCUMENTATION_COMMENTS = YES;
				CLANG_WARN_EMPTY_BODY = YES;
				CLANG_WARN_ENUM_CONVERSION = YES;
				CLANG_WARN_INFINITE_RECURSION = YES;
				CLANG_WARN_INT_CONVERSION = YES;
				CLANG_WARN_NON_LITERAL_NULL_CONVERSION = YES;
				CLANG_WARN_OBJC_IMPLICIT_RETAIN_SELF = YES;
				CLANG_WARN_OBJC_LITERAL_CONVERSION = YES;
				CLANG_WARN_OBJC_ROOT_CLASS = YES_ERROR;
				CLANG_WARN_QUOTED_INCLUDE_IN_FRAMEWORK_HEADER = YES;
				CLANG_WARN_RANGE_LOOP_ANALYSIS = YES;
				CLANG_WARN_STRICT_PROTOTYPES = YES;
				CLANG_WARN_SUSPICIOUS_MOVE = YES;
				CLANG_WARN_UNGUARDED_AVAILABILITY = YES_AGGRESSIVE;
				CLANG_WARN_UNREACHABLE_CODE = YES;
				CLANG_WARN__DUPLICATE_METHOD_MATCH = YES;
				COPY_PHASE_STRIP = NO;
				DEBUG_INFORMATION_FORMAT = "dwarf-with-dsym";
				DEVELOPMENT_TEAM = NS3M66VP2N;
				ENABLE_NS_ASSERTIONS = NO;
				ENABLE_STRICT_OBJC_MSGSEND = YES;
				ENABLE_USER_SCRIPT_SANDBOXING = YES;
				GCC_C_LANGUAGE_STANDARD = gnu17;
				GCC_NO_COMMON_BLOCKS = YES;
				GCC_WARN_64_TO_32_BIT_CONVERSION = YES;
				GCC_WARN_ABOUT_RETURN_TYPE = YES_ERROR;
				GCC_WARN_UNDECLARED_SELECTOR = YES;
				GCC_WARN_UNINITIALIZED_AUTOS = YES_AGGRESSIVE;
				GCC_WARN_UNUSED_FUNCTION = YES;
				GCC_WARN_UNUSED_VARIABLE = YES;
				IPHONEOS_DEPLOYMENT_TARGET = 18.4;
				LOCALIZATION_PREFERS_STRING_CATALOGS = YES;
				MTL_ENABLE_DEBUG_INFO = NO;
				MTL_FAST_MATH = YES;
				SDKROOT = iphoneos;
				SWIFT_COMPILATION_MODE = wholemodule;
				VALIDATE_PRODUCT = YES;
			};
			name = Release;
		};
		D32B984C2E34E61C00D93D2D /* Debug */ = {
			isa = XCBuildConfiguration;
			buildSettings = {
				ASSETCATALOG_COMPILER_APPICON_NAME = AppIcon;
				ASSETCATALOG_COMPILER_GLOBAL_ACCENT_COLOR_NAME = AccentColor;
				CODE_SIGN_STYLE = Automatic;
				CURRENT_PROJECT_VERSION = 1;
				DEVELOPMENT_TEAM = NS3M66VP2N;
				ENABLE_PREVIEWS = YES;
				GENERATE_INFOPLIST_FILE = YES;
				INFOPLIST_KEY_UIApplicationSceneManifest_Generation = YES;
				INFOPLIST_KEY_UIApplicationSupportsIndirectInputEvents = YES;
				INFOPLIST_KEY_UILaunchScreen_Generation = YES;
				INFOPLIST_KEY_UISupportedInterfaceOrientations_iPad = "UIInterfaceOrientationPortrait UIInterfaceOrientationPortraitUpsideDown UIInterfaceOrientationLandscapeLeft UIInterfaceOrientationLandscapeRight";
				INFOPLIST_KEY_UISupportedInterfaceOrientations_iPhone = "UIInterfaceOrientationPortrait UIInterfaceOrientationLandscapeLeft UIInterfaceOrientationLandscapeRight";
				LD_RUNPATH_SEARCH_PATHS = (
					"$(inherited)",
					"@executable_path/Frameworks",
				);
				MARKETING_VERSION = 1.0;
				PRODUCT_BUNDLE_IDENTIFIER = misato.GarminDisconnectNotify;
				PRODUCT_NAME = "$(TARGET_NAME)";
				SWIFT_EMIT_LOC_STRINGS = YES;
				SWIFT_VERSION = 5.0;
				TARGETED_DEVICE_FAMILY = "1,2";
			};
			name = Debug;
		};
		D32B984D2E34E61C00D93D2D /* Release */ = {
			isa = XCBuildConfiguration;
			buildSettings = {
				ASSETCATALOG_COMPILER_APPICON_NAME = AppIcon;
				ASSETCATALOG_COMPILER_GLOBAL_ACCENT_COLOR_NAME = AccentColor;
				CODE_SIGN_STYLE = Automatic;
				CURRENT_PROJECT_VERSION = 1;
				DEVELOPMENT_TEAM = NS3M66VP2N;
				ENABLE_PREVIEWS = YES;
				GENERATE_INFOPLIST_FILE = YES;
				INFOPLIST_KEY_UIApplicationSceneManifest_Generation = YES;
				INFOPLIST_KEY_UIApplicationSupportsIndirectInputEvents = YES;
				INFOPLIST_KEY_UILaunchScreen_Generation = YES;
				INFOPLIST_KEY_UISupportedInterfaceOrientations_iPad = "UIInterfaceOrientationPortrait UIInterfaceOrientationPortraitUpsideDown UIInterfaceOrientationLandscapeLeft UIInterfaceOrientationLandscapeRight";
				INFOPLIST_KEY_UISupportedInterfaceOrientations_iPhone = "UIInterfaceOrientationPortrait UIInterfaceOrientationLandscapeLeft UIInterfaceOrientationLandscapeRight";
				LD_RUNPATH_SEARCH_PATHS = (
					"$(inherited)",
					"@executable_path/Frameworks",
				);
				MARKETING_VERSION = 1.0;
				PRODUCT_BUNDLE_IDENTIFIER = misato.GarminDisconnectNotify;
				PRODUCT_NAME = "$(TARGET_NAME)";
				SWIFT_EMIT_LOC_STRINGS = YES;
				SWIFT_VERSION = 5.0;
				TARGETED_DEVICE_FAMILY = "1,2";
			};
			name = Release;
		};
		D32B984F2E34E61C00D93D2D /* Debug */ = {
			isa = XCBuildConfiguration;
			buildSettings = {
				BUNDLE_LOADER = "$(TEST_HOST)";
				CODE_SIGN_STYLE = Automatic;
				CURRENT_PROJECT_VERSION = 1;
				DEVELOPMENT_TEAM = NS3M66VP2N;
				GENERATE_INFOPLIST_FILE = YES;
				IPHONEOS_DEPLOYMENT_TARGET = 18.4;
				MARKETING_VERSION = 1.0;
				PRODUCT_BUNDLE_IDENTIFIER = misato.GarminDisconnectNotifyTests;
				PRODUCT_NAME = "$(TARGET_NAME)";
				SWIFT_EMIT_LOC_STRINGS = NO;
				SWIFT_VERSION = 5.0;
				TARGETED_DEVICE_FAMILY = "1,2";
				TEST_HOST = "$(BUILT_PRODUCTS_DIR)/GarminDisconnectNotify.app/$(BUNDLE_EXECUTABLE_FOLDER_PATH)/GarminDisconnectNotify";
			};
			name = Debug;
		};
		D32B98502E34E61C00D93D2D /* Release */ = {
			isa = XCBuildConfiguration;
			buildSettings = {
				BUNDLE_LOADER = "$(TEST_HOST)";
				CODE_SIGN_STYLE = Automatic;
				CURRENT_PROJECT_VERSION = 1;
				DEVELOPMENT_TEAM = NS3M66VP2N;
				GENERATE_INFOPLIST_FILE = YES;
				IPHONEOS_DEPLOYMENT_TARGET = 18.4;
				MARKETING_VERSION = 1.0;
				PRODUCT_BUNDLE_IDENTIFIER = misato.GarminDisconnectNotifyTests;
				PRODUCT_NAME = "$(TARGET_NAME)";
				SWIFT_EMIT_LOC_STRINGS = NO;
				SWIFT_VERSION = 5.0;
				TARGETED_DEVICE_FAMILY = "1,2";
				TEST_HOST = "$(BUILT_PRODUCTS_DIR)/GarminDisconnectNotify.app/$(BUNDLE_EXECUTABLE_FOLDER_PATH)/GarminDisconnectNotify";
			};
			name = Release;
		};
		D32B98522E34E61C00D93D2D /* Debug */ = {
			isa = XCBuildConfiguration;
			buildSettings = {
				CODE_SIGN_STYLE = Automatic;
				CURRENT_PROJECT_VERSION = 1;
				DEVELOPMENT_TEAM = NS3M66VP2N;
				GENERATE_INFOPLIST_FILE = YES;
				MARKETING_VERSION = 1.0;
				PRODUCT_BUNDLE_IDENTIFIER = misato.GarminDisconnectNotifyUITests;
				PRODUCT_NAME = "$(TARGET_NAME)";
				SWIFT_EMIT_LOC_STRINGS = NO;
				SWIFT_VERSION = 5.0;
				TARGETED_DEVICE_FAMILY = "1,2";
				TEST_TARGET_NAME = GarminDisconnectNotify;
			};
			name = Debug;
		};
		D32B98532E34E61C00D93D2D /* Release */ = {
			isa = XCBuildConfiguration;
			buildSettings = {
				CODE_SIGN_STYLE = Automatic;
				CURRENT_PROJECT_VERSION = 1;
				DEVELOPMENT_TEAM = NS3M66VP2N;
				GENERATE_INFOPLIST_FILE = YES;
				MARKETING_VERSION = 1.0;
				PRODUCT_BUNDLE_IDENTIFIER = misato.GarminDisconnectNotifyUITests;
				PRODUCT_NAME = "$(TARGET_NAME)";
				SWIFT_EMIT_LOC_STRINGS = NO;
				SWIFT_VERSION = 5.0;
				TARGETED_DEVICE_FAMILY = "1,2";
				TEST_TARGET_NAME = GarminDisconnectNotify;
			};
			name = Release;
		};
/* End XCBuildConfiguration section */

/* Begin XCConfigurationList section */
		D32B98252E34E61B00D93D2D /* Build configuration list for PBXProject "GarminDisconnectNotify" */ = {
			isa = XCConfigurationList;
			buildConfigurations = (
				D32B98492E34E61C00D93D2D /* Debug */,
				D32B984A2E34E61C00D93D2D /* Release */,
			);
			defaultConfigurationIsVisible = 0;
			defaultConfigurationName = Release;
		};
		D32B984B2E34E61C00D93D2D /* Build configuration list for PBXNativeTarget "GarminDisconnectNotify" */ = {
			isa = XCConfigurationList;
			buildConfigurations = (
				D32B984C2E34E61C00D93D2D /* Debug */,
				D32B984D2E34E61C00D93D2D /* Release */,
			);
			defaultConfigurationIsVisible = 0;
			defaultConfigurationName = Release;
		};
		D32B984E2E34E61C00D93D2D /* Build configuration list for PBXNativeTarget "GarminDisconnectNotifyTests" */ = {
			isa = XCConfigurationList;
			buildConfigurations = (
				D32B984F2E34E61C00D93D2D /* Debug */,
				D32B98502E34E61C00D93D2D /* Release */,
			);
			defaultConfigurationIsVisible = 0;
			defaultConfigurationName = Release;
		};
		D32B98512E34E61C00D93D2D /* Build configuration list for PBXNativeTarget "GarminDisconnectNotifyUITests" */ = {
			isa = XCConfigurationList;
			buildConfigurations = (
				D32B98522E34E61C00D93D2D /* Debug */,
				D32B98532E34E61C00D93D2D /* Release */,
			);
			defaultConfigurationIsVisible = 0;
			defaultConfigurationName = Release;
		};
/* End XCConfigurationList section */
	};
	rootObject = D32B98222E34E61B00D93D2D /* Project object */;
}
